github.com/tphakala/simd v1.3.0 h1:6DBkVfF/DEf/dnkfajbtu13+EZVReIIgIoUm2GNRs/k=
github.com/tphakala/simd v1.3.0/go.mod h1:RDX4bQNU8wV5JAYHEkic0l1CcQpBUwV7odEISuOvpUY=
golang.org/x/exp v0.0.0-20260611194520-c48552f49976 h1:X8Hz2ImujgbmetVuW+w2YkyZChE3cBpZi2P158rTG9M=
golang.org/x/exp v0.0.0-20260611194520-c48552f49976/go.mod h1:vnf4pv9iKZXY58sQE1L86zmNWJ4159e1RkcWiLCkeEY=
golang.org/x/sys v0.45.0 h1:dO4czNzziLiiXplLQgBCEpCvXQ3dnkn0SdaZSYdQ+FY=
golang.org/x/sys v0.45.0/go.mod h1:4GL1E5IUh+htKOUEOaiffhrAeqysfVGipDYzABqnCmw=
